
Microsoft Visual Studio Solution File, Format Version 12.00
# Visual Studio Version 16
VisualStudioVersion = 16.0.30104.148
MinimumVisualStudioVersion = 10.0.40219.1
Project("{FAE04EC0-301F-11D3-BF4B-00C04F79EFBC}") = "ECommerce", "ECommerce\ECommerce.csproj", "{34B1CFF6-9FEB-4E8C-ABEB-26D1D2ED5EE6}"
EndProject
Global
	GlobalSection(SolutionConfigurationPlatforms) = preSolution
		Debug|Any CPU = Debug|Any CPU
		Release|Any CPU = Release|Any CPU
	EndGlobalSection
	GlobalSection(ProjectConfigurationPlatforms) = postSolution
		{34B1CFF6-9FEB-4E8C-ABEB-26D1D2ED5EE6}.Debug|Any CPU.ActiveCfg = Debug|Any CPU
		{34B1CFF6-9FEB-4E8C-ABEB-26D1D2ED5EE6}.Debug|Any CPU.Build.0 = Debug|Any CPU
		{34B1CFF6-9FEB-4E8C-ABEB-26D1D2ED5EE6}.Release|Any CPU.ActiveCfg = Release|Any CPU
		{34B1CFF6-9FEB-4E8C-ABEB-26D1D2ED5EE6}.Release|Any CPU.Build.0 = Release|Any CPU
	EndGlobalSection
	GlobalSection(SolutionProperties) = preSolution
		HideSolutionNode = FALSE
	EndGlobalSection
	GlobalSection(ExtensibilityGlobals) = postSolution
		SolutionGuid = {904F03DF-C25F-4407-A187-3F960E3D4D91}
	EndGlobalSection
EndGlobal
